
Microsoft Visual Studio Solution File, Format Version 12.00
# Visual Studio Version 17
VisualStudioVersion = 17.7.34202.233
MinimumVisualStudioVersion = 10.0.40219.1
Project("{9A19103F-16F7-4668-BE54-9A1E7A4F7556}") = "变量学习", "变量学习\变量学习.csproj", "{506CFF63-9C74-45D6-ACB1-FB58172D1D75}"
EndProject
Project("{9A19103F-16F7-4668-BE54-9A1E7A4F7556}") = "练习2", "练习2\练习2.csproj", "{A7444E9B-DE07-46BD-A3DA-33A35CDEDA27}"
EndProject
Global
	GlobalSection(SolutionConfigurationPlatforms) = preSolution
		Debug|Any CPU = Debug|Any CPU
		Release|Any CPU = Release|Any CPU
	EndGlobalSection
	GlobalSection(ProjectConfigurationPlatforms) = postSolution
		{506CFF63-9C74-45D6-ACB1-FB58172D1D75}.Debug|Any CPU.ActiveCfg = Debug|Any CPU
		{506CFF63-9C74-45D6-ACB1-FB58172D1D75}.Debug|Any CPU.Build.0 = Debug|Any CPU
		{506CFF63-9C74-45D6-ACB1-FB58172D1D75}.Release|Any CPU.ActiveCfg = Release|Any CPU
		{506CFF63-9C74-45D6-ACB1-FB58172D1D75}.Release|Any CPU.Build.0 = Release|Any CPU
		{A7444E9B-DE07-46BD-A3DA-33A35CDEDA27}.Debug|Any CPU.ActiveCfg = Debug|Any CPU
		{A7444E9B-DE07-46BD-A3DA-33A35CDEDA27}.Debug|Any CPU.Build.0 = Debug|Any CPU
		{A7444E9B-DE07-46BD-A3DA-33A35CDEDA27}.Release|Any CPU.ActiveCfg = Release|Any CPU
		{A7444E9B-DE07-46BD-A3DA-33A35CDEDA27}.Release|Any CPU.Build.0 = Release|Any CPU
	EndGlobalSection
	GlobalSection(SolutionProperties) = preSolution
		HideSolutionNode = FALSE
	EndGlobalSection
	GlobalSection(ExtensibilityGlobals) = postSolution
		SolutionGuid = {C3754BF8-94D4-481F-90C1-C7579C08EB4B}
	EndGlobalSection
EndGlobal
